
Microsoft Visual Studio Solution File, Format Version 12.00
# Visual Studio 14
VisualStudioVersion = 14.0.25420.1
MinimumVisualStudioVersion = 10.0.40219.1
Project("{FAE04EC0-301F-11D3-BF4B-00C04F79EFBC}") = "miniapp", "miniapp\miniapp\miniapp.csproj", "{CAC9FA1E-AEC4-4EC2-9783-60A8D9F9D275}"
EndProject
Project("{FAE04EC0-301F-11D3-BF4B-00C04F79EFBC}") = "miniapp.Droid", "miniapp\miniapp.Droid\miniapp.Droid.csproj", "{330B36C3-25F5-445A-A444-0E4992206FEC}"
EndProject
Project("{FAE04EC0-301F-11D3-BF4B-00C04F79EFBC}") = "miniapp.iOS", "miniapp\miniapp.iOS\miniapp.iOS.csproj", "{EBE27581-693E-49A5-BE9B-B7AC4C68B936}"
EndProject
Project("{FAE04EC0-301F-11D3-BF4B-00C04F79EFBC}") = "miniapp.WinPhone", "miniapp\miniapp.WinPhone\miniapp.WinPhone.csproj", "{C808707E-49A0-4CC8-B3FD-75EB37B7E6E6}"
EndProject
Project("{FAE04EC0-301F-11D3-BF4B-00C04F79EFBC}") = "miniapp.UWP", "miniapp\miniapp.UWP\miniapp.UWP.csproj", "{ECBEF269-87B3-4022-9178-D7069BBD0FA1}"
EndProject
Project("{FAE04EC0-301F-11D3-BF4B-00C04F79EFBC}") = "miniapp.Windows", "miniapp\miniapp.Windows\miniapp.Windows.csproj", "{843409F7-3854-4C75-B055-AE26F7B2FC15}"
EndProject
Global
	GlobalSection(SolutionConfigurationPlatforms) = preSolution
		Ad-Hoc|Any CPU = Ad-Hoc|Any CPU
		Ad-Hoc|ARM = Ad-Hoc|ARM
		Ad-Hoc|iPhone = Ad-Hoc|iPhone
		Ad-Hoc|iPhoneSimulator = Ad-Hoc|iPhoneSimulator
		Ad-Hoc|x64 = Ad-Hoc|x64
		Ad-Hoc|x86 = Ad-Hoc|x86
		AppStore|Any CPU = AppStore|Any CPU
		AppStore|ARM = AppStore|ARM
		AppStore|iPhone = AppStore|iPhone
		AppStore|iPhoneSimulator = AppStore|iPhoneSimulator
		AppStore|x64 = AppStore|x64
		AppStore|x86 = AppStore|x86
		Debug|Any CPU = Debug|Any CPU
		Debug|ARM = Debug|ARM
		Debug|iPhone = Debug|iPhone
		Debug|iPhoneSimulator = Debug|iPhoneSimulator
		Debug|x64 = Debug|x64
		Debug|x86 = Debug|x86
		Release|Any CPU = Release|Any CPU
		Release|ARM = Release|ARM
		Release|iPhone = Release|iPhone
		Release|iPhoneSimulator = Release|iPhoneSimulator
		Release|x64 = Release|x64
		Release|x86 = Release|x86
	EndGlobalSection
	GlobalSection(ProjectConfigurationPlatforms) = postSolution
		{CAC9FA1E-AEC4-4EC2-9783-60A8D9F9D275}.Ad-Hoc|Any CPU.ActiveCfg = Release|Any CPU
		{CAC9FA1E-AEC4-4EC2-9783-60A8D9F9D275}.Ad-Hoc|Any CPU.Build.0 = Release|Any CPU
		{CAC9FA1E-AEC4-4EC2-9783-60A8D9F9D275}.Ad-Hoc|ARM.ActiveCfg = Release|Any CPU
		{CAC9FA1E-AEC4-4EC2-9783-60A8D9F9D275}.Ad-Hoc|ARM.Build.0 = Release|Any CPU
		{CAC9FA1E-AEC4-4EC2-9783-60A8D9F9D275}.Ad-Hoc|iPhone.ActiveCfg = Release|Any CPU
		{CAC9FA1E-AEC4-4EC2-9783-60A8D9F9D275}.Ad-Hoc|iPhone.Build.0 = Release|Any CPU
		{CAC9FA1E-AEC4-4EC2-9783-60A8D9F9D275}.Ad-Hoc|iPhoneSimulator.ActiveCfg = Release|Any CPU
		{CAC9FA1E-AEC4-4EC2-9783-60A8D9F9D275}.Ad-Hoc|iPhoneSimulator.Build.0 = Release|Any CPU
		{CAC9FA1E-AEC4-4EC2-9783-60A8D9F9D275}.Ad-Hoc|x64.ActiveCfg = Release|Any CPU
		{CAC9FA1E-AEC4-4EC2-9783-60A8D9F9D275}.Ad-Hoc|x64.Build.0 = Release|Any CPU
		{CAC9FA1E-AEC4-4EC2-9783-60A8D9F9D275}.Ad-Hoc|x86.ActiveCfg = Release|Any CPU
		{CAC9FA1E-AEC4-4EC2-9783-60A8D9F9D275}.Ad-Hoc|x86.Build.0 = Release|Any CPU
		{CAC9FA1E-AEC4-4EC2-9783-60A8D9F9D275}.AppStore|Any CPU.ActiveCfg = Release|Any CPU
		{CAC9FA1E-AEC4-4EC2-9783-60A8D9F9D275}.AppStore|Any CPU.Build.0 = Release|Any CPU
		{CAC9FA1E-AEC4-4EC2-9783-60A8D9F9D275}.AppStore|ARM.ActiveCfg = Release|Any CPU
		{CAC9FA1E-AEC4-4EC2-9783-60A8D9F9D275}.AppStore|ARM.Build.0 = Release|Any CPU
		{CAC9FA1E-AEC4-4EC2-9783-60A8D9F9D275}.AppStore|iPhone.ActiveCfg = Release|Any CPU
		{CAC9FA1E-AEC4-4EC2-9783-60A8D9F9D275}.AppStore|iPhone.Build.0 = Release|Any CPU
		{CAC9FA1E-AEC4-4EC2-9783-60A8D9F9D275}.AppStore|iPhoneSimulator.ActiveCfg = Release|Any CPU
		{CAC9FA1E-AEC4-4EC2-9783-60A8D9F9D275}.AppStore|iPhoneSimulator.Build.0 = Release|Any CPU
		{CAC9FA1E-AEC4-4EC2-9783-60A8D9F9D275}.AppStore|x64.ActiveCfg = Release|Any CPU
		{CAC9FA1E-AEC4-4EC2-9783-60A8D9F9D275}.AppStore|x64.Build.0 = Release|Any CPU
		{CAC9FA1E-AEC4-4EC2-9783-60A8D9F9D275}.AppStore|x86.ActiveCfg = Release|Any CPU
		{CAC9FA1E-AEC4-4EC2-9783-60A8D9F9D275}.AppStore|x86.Build.0 = Release|Any CPU
		{CAC9FA1E-AEC4-4EC2-9783-60A8D9F9D275}.Debug|Any CPU.ActiveCfg = Debug|Any CPU
		{CAC9FA1E-AEC4-4EC2-9783-60A8D9F9D275}.Debug|Any CPU.Build.0 = Debug|Any CPU
		{CAC9FA1E-AEC4-4EC2-9783-60A8D9F9D275}.Debug|ARM.ActiveCfg = Debug|Any CPU
		{CAC9FA1E-AEC4-4EC2-9783-60A8D9F9D275}.Debug|ARM.Build.0 = Debug|Any CPU
		{CAC9FA1E-AEC4-4EC2-9783-60A8D9F9D275}.Debug|iPhone.ActiveCfg = Debug|Any CPU
		{CAC9FA1E-AEC4-4EC2-9783-60A8D9F9D275}.Debug|iPhone.Build.0 = Debug|Any CPU
		{CAC9FA1E-AEC4-4EC2-9783-60A8D9F9D275}.Debug|iPhoneSimulator.ActiveCfg = Debug|Any CPU
		{CAC9FA1E-AEC4-4EC2-9783-60A8D9F9D275}.Debug|iPhoneSimulator.Build.0 = Debug|Any CPU
		{CAC9FA1E-AEC4-4EC2-9783-60A8D9F9D275}.Debug|x64.ActiveCfg = Debug|Any CPU
		{CAC9FA1E-AEC4-4EC2-9783-60A8D9F9D275}.Debug|x64.Build.0 = Debug|Any CPU
		{CAC9FA1E-AEC4-4EC2-9783-60A8D9F9D275}.Debug|x86.ActiveCfg = Debug|Any CPU
		{CAC9FA1E-AEC4-4EC2-9783-60A8D9F9D275}.Debug|x86.Build.0 = Debug|Any CPU
		{CAC9FA1E-AEC4-4EC2-9783-60A8D9F9D275}.Release|Any CPU.ActiveCfg = Release|Any CPU
		{CAC9FA1E-AEC4-4EC2-9783-60A8D9F9D275}.Release|Any CPU.Build.0 = Release|Any CPU
		{CAC9FA1E-AEC4-4EC2-9783-60A8D9F9D275}.Release|ARM.ActiveCfg = Release|Any CPU
		{CAC9FA1E-AEC4-4EC2-9783-60A8D9F9D275}.Release|ARM.Build.0 = Release|Any CPU
		{CAC9FA1E-AEC4-4EC2-9783-60A8D9F9D275}.Release|iPhone.ActiveCfg = Release|Any CPU
		{CAC9FA1E-AEC4-4EC2-9783-60A8D9F9D275}.Release|iPhone.Build.0 = Release|Any CPU
		{CAC9FA1E-AEC4-4EC2-9783-60A8D9F9D275}.Release|iPhoneSimulator.ActiveCfg = Release|Any CPU
		{CAC9FA1E-AEC4-4EC2-9783-60A8D9F9D275}.Release|iPhoneSimulator.Build.0 = Release|Any CPU
		{CAC9FA1E-AEC4-4EC2-9783-60A8D9F9D275}.Release|x64.ActiveCfg = Release|Any CPU
		{CAC9FA1E-AEC4-4EC2-9783-60A8D9F9D275}.Release|x64.Build.0 = Release|Any CPU
		{CAC9FA1E-AEC4-4EC2-9783-60A8D9F9D275}.Release|x86.ActiveCfg = Release|Any CPU
		{CAC9FA1E-AEC4-4EC2-9783-60A8D9F9D275}.Release|x86.Build.0 = Release|Any CPU
		{330B36C3-25F5-445A-A444-0E4992206FEC}.Ad-Hoc|Any CPU.ActiveCfg = Release|Any CPU
		{330B36C3-25F5-445A-A444-0E4992206FEC}.Ad-Hoc|Any CPU.Build.0 = Release|Any CPU
		{330B36C3-25F5-445A-A444-0E4992206FEC}.Ad-Hoc|Any CPU.Deploy.0 = Release|Any CPU
		{330B36C3-25F5-445A-A444-0E4992206FEC}.Ad-Hoc|ARM.ActiveCfg = Release|Any CPU
		{330B36C3-25F5-445A-A444-0E4992206FEC}.Ad-Hoc|ARM.Build.0 = Release|Any CPU
		{330B36C3-25F5-445A-A444-0E4992206FEC}.Ad-Hoc|ARM.Deploy.0 = Release|Any CPU
		{330B36C3-25F5-445A-A444-0E4992206FEC}.Ad-Hoc|iPhone.ActiveCfg = Release|Any CPU
		{330B36C3-25F5-445A-A444-0E4992206FEC}.Ad-Hoc|iPhone.Build.0 = Release|Any CPU
		{330B36C3-25F5-445A-A444-0E4992206FEC}.Ad-Hoc|iPhone.Deploy.0 = Release|Any CPU
		{330B36C3-25F5-445A-A444-0E4992206FEC}.Ad-Hoc|iPhoneSimulator.ActiveCfg = Release|Any CPU
		{330B36C3-25F5-445A-A444-0E4992206FEC}.Ad-Hoc|iPhoneSimulator.Build.0 = Release|Any CPU
		{330B36C3-25F5-445A-A444-0E4992206FEC}.Ad-Hoc|iPhoneSimulator.Deploy.0 = Release|Any CPU
		{330B36C3-25F5-445A-A444-0E4992206FEC}.Ad-Hoc|x64.ActiveCfg = Release|Any CPU
		{330B36C3-25F5-445A-A444-0E4992206FEC}.Ad-Hoc|x64.Build.0 = Release|Any CPU
		{330B36C3-25F5-445A-A444-0E4992206FEC}.Ad-Hoc|x64.Deploy.0 = Release|Any CPU
		{330B36C3-25F5-445A-A444-0E4992206FEC}.Ad-Hoc|x86.ActiveCfg = Release|Any CPU
		{330B36C3-25F5-445A-A444-0E4992206FEC}.Ad-Hoc|x86.Build.0 = Release|Any CPU
		{330B36C3-25F5-445A-A444-0E4992206FEC}.Ad-Hoc|x86.Deploy.0 = Release|Any CPU
		{330B36C3-25F5-445A-A444-0E4992206FEC}.AppStore|Any CPU.ActiveCfg = Release|Any CPU
		{330B36C3-25F5-445A-A444-0E4992206FEC}.AppStore|Any CPU.Build.0 = Release|Any CPU
		{330B36C3-25F5-445A-A444-0E4992206FEC}.AppStore|Any CPU.Deploy.0 = Release|Any CPU
		{330B36C3-25F5-445A-A444-0E4992206FEC}.AppStore|ARM.ActiveCfg = Release|Any CPU
		{330B36C3-25F5-445A-A444-0E4992206FEC}.AppStore|ARM.Build.0 = Release|Any CPU
		{330B36C3-25F5-445A-A444-0E4992206FEC}.AppStore|ARM.Deploy.0 = Release|Any CPU
		{330B36C3-25F5-445A-A444-0E4992206FEC}.AppStore|iPhone.ActiveCfg = Release|Any CPU
		{330B36C3-25F5-445A-A444-0E4992206FEC}.AppStore|iPhone.Build.0 = Release|Any CPU
		{330B36C3-25F5-445A-A444-0E4992206FEC}.AppStore|iPhone.Deploy.0 = Release|Any CPU
		{330B36C3-25F5-445A-A444-0E4992206FEC}.AppStore|iPhoneSimulator.ActiveCfg = Release|Any CPU
		{330B36C3-25F5-445A-A444-0E4992206FEC}.AppStore|iPhoneSimulator.Build.0 = Release|Any CPU
		{330B36C3-25F5-445A-A444-0E4992206FEC}.AppStore|iPhoneSimulator.Deploy.0 = Release|Any CPU
		{330B36C3-25F5-445A-A444-0E4992206FEC}.AppStore|x64.ActiveCfg = Release|Any CPU
		{330B36C3-25F5-445A-A444-0E4992206FEC}.AppStore|x64.Build.0 = Release|Any CPU
		{330B36C3-25F5-445A-A444-0E4992206FEC}.AppStore|x64.Deploy.0 = Release|Any CPU
		{330B36C3-25F5-445A-A444-0E4992206FEC}.AppStore|x86.ActiveCfg = Release|Any CPU
		{330B36C3-25F5-445A-A444-0E4992206FEC}.AppStore|x86.Build.0 = Release|Any CPU
		{330B36C3-25F5-445A-A444-0E4992206FEC}.AppStore|x86.Deploy.0 = Release|Any CPU
		{330B36C3-25F5-445A-A444-0E4992206FEC}.Debug|Any CPU.ActiveCfg = Debug|Any CPU
		{330B36C3-25F5-445A-A444-0E4992206FEC}.Debug|Any CPU.Build.0 = Debug|Any CPU
		{330B36C3-25F5-445A-A444-0E4992206FEC}.Debug|Any CPU.Deploy.0 = Debug|Any CPU
		{330B36C3-25F5-445A-A444-0E4992206FEC}.Debug|ARM.ActiveCfg = Debug|Any CPU
		{330B36C3-25F5-445A-A444-0E4992206FEC}.Debug|ARM.Build.0 = Debug|Any CPU
		{330B36C3-25F5-445A-A444-0E4992206FEC}.Debug|ARM.Deploy.0 = Debug|Any CPU
		{330B36C3-25F5-445A-A444-0E4992206FEC}.Debug|iPhone.ActiveCfg = Debug|Any CPU
		{330B36C3-25F5-445A-A444-0E4992206FEC}.Debug|iPhone.Build.0 = Debug|Any CPU
		{330B36C3-25F5-445A-A444-0E4992206FEC}.Debug|iPhone.Deploy.0 = Debug|Any CPU
		{330B36C3-25F5-445A-A444-0E4992206FEC}.Debug|iPhoneSimulator.ActiveCfg = Debug|Any CPU
		{330B36C3-25F5-445A-A444-0E4992206FEC}.Debug|iPhoneSimulator.Build.0 = Debug|Any CPU
		{330B36C3-25F5-445A-A444-0E4992206FEC}.Debug|iPhoneSimulator.Deploy.0 = Debug|Any CPU
		{330B36C3-25F5-445A-A444-0E4992206FEC}.Debug|x64.ActiveCfg = Debug|Any CPU
		{330B36C3-25F5-445A-A444-0E4992206FEC}.Debug|x64.Build.0 = Debug|Any CPU
		{330B36C3-25F5-445A-A444-0E4992206FEC}.Debug|x64.Deploy.0 = Debug|Any CPU
		{330B36C3-25F5-445A-A444-0E4992206FEC}.Debug|x86.ActiveCfg = Debug|Any CPU
		{330B36C3-25F5-445A-A444-0E4992206FEC}.Debug|x86.Build.0 = Debug|Any CPU
		{330B36C3-25F5-445A-A444-0E4992206FEC}.Debug|x86.Deploy.0 = Debug|Any CPU
		{330B36C3-25F5-445A-A444-0E4992206FEC}.Release|Any CPU.ActiveCfg = Release|Any CPU
		{330B36C3-25F5-445A-A444-0E4992206FEC}.Release|Any CPU.Build.0 = Release|Any CPU
		{330B36C3-25F5-445A-A444-0E4992206FEC}.Release|Any CPU.Deploy.0 = Release|Any CPU
		{330B36C3-25F5-445A-A444-0E4992206FEC}.Release|ARM.ActiveCfg = Release|Any CPU
		{330B36C3-25F5-445A-A444-0E4992206FEC}.Release|ARM.Build.0 = Release|Any CPU
		{330B36C3-25F5-445A-A444-0E4992206FEC}.Release|ARM.Deploy.0 = Release|Any CPU
		{330B36C3-25F5-445A-A444-0E4992206FEC}.Release|iPhone.ActiveCfg = Release|Any CPU
		{330B36C3-25F5-445A-A444-0E4992206FEC}.Release|iPhone.Build.0 = Release|Any CPU
		{330B36C3-25F5-445A-A444-0E4992206FEC}.Release|iPhone.Deploy.0 = Release|Any CPU
		{330B36C3-25F5-445A-A444-0E4992206FEC}.Release|iPhoneSimulator.ActiveCfg = Release|Any CPU
		{330B36C3-25F5-445A-A444-0E4992206FEC}.Release|iPhoneSimulator.Build.0 = Release|Any CPU
		{330B36C3-25F5-445A-A444-0E4992206FEC}.Release|iPhoneSimulator.Deploy.0 = Release|Any CPU
		{330B36C3-25F5-445A-A444-0E4992206FEC}.Release|x64.ActiveCfg = Release|Any CPU
		{330B36C3-25F5-445A-A444-0E4992206FEC}.Release|x64.Build.0 = Release|Any CPU
		{330B36C3-25F5-445A-A444-0E4992206FEC}.Release|x64.Deploy.0 = Release|Any CPU
		{330B36C3-25F5-445A-A444-0E4992206FEC}.Release|x86.ActiveCfg = Release|Any CPU
		{330B36C3-25F5-445A-A444-0E4992206FEC}.Release|x86.Build.0 = Release|Any CPU
		{330B36C3-25F5-445A-A444-0E4992206FEC}.Release|x86.Deploy.0 = Release|Any CPU
		{EBE27581-693E-49A5-BE9B-B7AC4C68B936}.Ad-Hoc|Any CPU.ActiveCfg = Ad-Hoc|iPhone
		{EBE27581-693E-49A5-BE9B-B7AC4C68B936}.Ad-Hoc|ARM.ActiveCfg = Ad-Hoc|iPhone
		{EBE27581-693E-49A5-BE9B-B7AC4C68B936}.Ad-Hoc|iPhone.ActiveCfg = Ad-Hoc|iPhone
		{EBE27581-693E-49A5-BE9B-B7AC4C68B936}.Ad-Hoc|iPhone.Build.0 = Ad-Hoc|iPhone
		{EBE27581-693E-49A5-BE9B-B7AC4C68B936}.Ad-Hoc|iPhoneSimulator.ActiveCfg = Ad-Hoc|iPhoneSimulator
		{EBE27581-693E-49A5-BE9B-B7AC4C68B936}.Ad-Hoc|iPhoneSimulator.Build.0 = Ad-Hoc|iPhoneSimulator
		{EBE27581-693E-49A5-BE9B-B7AC4C68B936}.Ad-Hoc|x64.ActiveCfg = Ad-Hoc|iPhone
		{EBE27581-693E-49A5-BE9B-B7AC4C68B936}.Ad-Hoc|x86.ActiveCfg = Ad-Hoc|iPhone
		{EBE27581-693E-49A5-BE9B-B7AC4C68B936}.AppStore|Any CPU.ActiveCfg = AppStore|iPhone
		{EBE27581-693E-49A5-BE9B-B7AC4C68B936}.AppStore|ARM.ActiveCfg = AppStore|iPhone
		{EBE27581-693E-49A5-BE9B-B7AC4C68B936}.AppStore|iPhone.ActiveCfg = AppStore|iPhone
		{EBE27581-693E-49A5-BE9B-B7AC4C68B936}.AppStore|iPhone.Build.0 = AppStore|iPhone
		{EBE27581-693E-49A5-BE9B-B7AC4C68B936}.AppStore|iPhoneSimulator.ActiveCfg = AppStore|iPhoneSimulator
		{EBE27581-693E-49A5-BE9B-B7AC4C68B936}.AppStore|iPhoneSimulator.Build.0 = AppStore|iPhoneSimulator
		{EBE27581-693E-49A5-BE9B-B7AC4C68B936}.AppStore|x64.ActiveCfg = AppStore|iPhone
		{EBE27581-693E-49A5-BE9B-B7AC4C68B936}.AppStore|x86.ActiveCfg = AppStore|iPhone
		{EBE27581-693E-49A5-BE9B-B7AC4C68B936}.Debug|Any CPU.ActiveCfg = Debug|iPhone
		{EBE27581-693E-49A5-BE9B-B7AC4C68B936}.Debug|ARM.ActiveCfg = Debug|iPhone
		{EBE27581-693E-49A5-BE9B-B7AC4C68B936}.Debug|iPhone.ActiveCfg = Debug|iPhone
		{EBE27581-693E-49A5-BE9B-B7AC4C68B936}.Debug|iPhone.Build.0 = Debug|iPhone
		{EBE27581-693E-49A5-BE9B-B7AC4C68B936}.Debug|iPhoneSimulator.ActiveCfg = Debug|iPhoneSimulator
		{EBE27581-693E-49A5-BE9B-B7AC4C68B936}.Debug|iPhoneSimulator.Build.0 = Debug|iPhoneSimulator
		{EBE27581-693E-49A5-BE9B-B7AC4C68B936}.Debug|x64.ActiveCfg = Debug|iPhone
		{EBE27581-693E-49A5-BE9B-B7AC4C68B936}.Debug|x86.ActiveCfg = Debug|iPhone
		{EBE27581-693E-49A5-BE9B-B7AC4C68B936}.Release|Any CPU.ActiveCfg = Release|iPhone
		{EBE27581-693E-49A5-BE9B-B7AC4C68B936}.Release|ARM.ActiveCfg = Release|iPhone
		{EBE27581-693E-49A5-BE9B-B7AC4C68B936}.Release|iPhone.ActiveCfg = Release|iPhone
		{EBE27581-693E-49A5-BE9B-B7AC4C68B936}.Release|iPhone.Build.0 = Release|iPhone
		{EBE27581-693E-49A5-BE9B-B7AC4C68B936}.Release|iPhoneSimulator.ActiveCfg = Release|iPhoneSimulator
		{EBE27581-693E-49A5-BE9B-B7AC4C68B936}.Release|iPhoneSimulator.Build.0 = Release|iPhoneSimulator
		{EBE27581-693E-49A5-BE9B-B7AC4C68B936}.Release|x64.ActiveCfg = Release|iPhone
		{EBE27581-693E-49A5-BE9B-B7AC4C68B936}.Release|x86.ActiveCfg = Release|iPhone
		{C808707E-49A0-4CC8-B3FD-75EB37B7E6E6}.Ad-Hoc|Any CPU.ActiveCfg = Release|Any CPU
		{C808707E-49A0-4CC8-B3FD-75EB37B7E6E6}.Ad-Hoc|Any CPU.Build.0 = Release|Any CPU
		{C808707E-49A0-4CC8-B3FD-75EB37B7E6E6}.Ad-Hoc|Any CPU.Deploy.0 = Release|Any CPU
		{C808707E-49A0-4CC8-B3FD-75EB37B7E6E6}.Ad-Hoc|ARM.ActiveCfg = Release|ARM
		{C808707E-49A0-4CC8-B3FD-75EB37B7E6E6}.Ad-Hoc|ARM.Build.0 = Release|ARM
		{C808707E-49A0-4CC8-B3FD-75EB37B7E6E6}.Ad-Hoc|ARM.Deploy.0 = Release|ARM
		{C808707E-49A0-4CC8-B3FD-75EB37B7E6E6}.Ad-Hoc|iPhone.ActiveCfg = Release|Any CPU
		{C808707E-49A0-4CC8-B3FD-75EB37B7E6E6}.Ad-Hoc|iPhone.Build.0 = Release|Any CPU
		{C808707E-49A0-4CC8-B3FD-75EB37B7E6E6}.Ad-Hoc|iPhone.Deploy.0 = Release|Any CPU
		{C808707E-49A0-4CC8-B3FD-75EB37B7E6E6}.Ad-Hoc|iPhoneSimulator.ActiveCfg = Release|Any CPU
		{C808707E-49A0-4CC8-B3FD-75EB37B7E6E6}.Ad-Hoc|iPhoneSimulator.Build.0 = Release|Any CPU
		{C808707E-49A0-4CC8-B3FD-75EB37B7E6E6}.Ad-Hoc|iPhoneSimulator.Deploy.0 = Release|Any CPU
		{C808707E-49A0-4CC8-B3FD-75EB37B7E6E6}.Ad-Hoc|x64.ActiveCfg = Release|Any CPU
		{C808707E-49A0-4CC8-B3FD-75EB37B7E6E6}.Ad-Hoc|x64.Build.0 = Release|Any CPU
		{C808707E-49A0-4CC8-B3FD-75EB37B7E6E6}.Ad-Hoc|x64.Deploy.0 = Release|Any CPU
		{C808707E-49A0-4CC8-B3FD-75EB37B7E6E6}.Ad-Hoc|x86.ActiveCfg = Release|x86
		{C808707E-49A0-4CC8-B3FD-75EB37B7E6E6}.Ad-Hoc|x86.Build.0 = Release|x86
		{C808707E-49A0-4CC8-B3FD-75EB37B7E6E6}.Ad-Hoc|x86.Deploy.0 = Release|x86
		{C808707E-49A0-4CC8-B3FD-75EB37B7E6E6}.AppStore|Any CPU.ActiveCfg = Release|Any CPU
		{C808707E-49A0-4CC8-B3FD-75EB37B7E6E6}.AppStore|Any CPU.Build.0 = Release|Any CPU
		{C808707E-49A0-4CC8-B3FD-75EB37B7E6E6}.AppStore|Any CPU.Deploy.0 = Release|Any CPU
		{C808707E-49A0-4CC8-B3FD-75EB37B7E6E6}.AppStore|ARM.ActiveCfg = Release|ARM
		{C808707E-49A0-4CC8-B3FD-75EB37B7E6E6}.AppStore|ARM.Build.0 = Release|ARM
		{C808707E-49A0-4CC8-B3FD-75EB37B7E6E6}.AppStore|ARM.Deploy.0 = Release|ARM
		{C808707E-49A0-4CC8-B3FD-75EB37B7E6E6}.AppStore|iPhone.ActiveCfg = Release|Any CPU
		{C808707E-49A0-4CC8-B3FD-75EB37B7E6E6}.AppStore|iPhone.Build.0 = Release|Any CPU
		{C808707E-49A0-4CC8-B3FD-75EB37B7E6E6}.AppStore|iPhone.Deploy.0 = Release|Any CPU
		{C808707E-49A0-4CC8-B3FD-75EB37B7E6E6}.AppStore|iPhoneSimulator.ActiveCfg = Release|Any CPU
		{C808707E-49A0-4CC8-B3FD-75EB37B7E6E6}.AppStore|iPhoneSimulator.Build.0 = Release|Any CPU
		{C808707E-49A0-4CC8-B3FD-75EB37B7E6E6}.AppStore|iPhoneSimulator.Deploy.0 = Release|Any CPU
		{C808707E-49A0-4CC8-B3FD-75EB37B7E6E6}.AppStore|x64.ActiveCfg = Release|Any CPU
		{C808707E-49A0-4CC8-B3FD-75EB37B7E6E6}.AppStore|x64.Build.0 = Release|Any CPU
		{C808707E-49A0-4CC8-B3FD-75EB37B7E6E6}.AppStore|x64.Deploy.0 = Release|Any CPU
		{C808707E-49A0-4CC8-B3FD-75EB37B7E6E6}.AppStore|x86.ActiveCfg = Release|x86
		{C808707E-49A0-4CC8-B3FD-75EB37B7E6E6}.AppStore|x86.Build.0 = Release|x86
		{C808707E-49A0-4CC8-B3FD-75EB37B7E6E6}.AppStore|x86.Deploy.0 = Release|x86
		{C808707E-49A0-4CC8-B3FD-75EB37B7E6E6}.Debug|Any CPU.ActiveCfg = Debug|Any CPU
		{C808707E-49A0-4CC8-B3FD-75EB37B7E6E6}.Debug|Any CPU.Build.0 = Debug|Any CPU
		{C808707E-49A0-4CC8-B3FD-75EB37B7E6E6}.Debug|Any CPU.Deploy.0 = Debug|Any CPU
		{C808707E-49A0-4CC8-B3FD-75EB37B7E6E6}.Debug|ARM.ActiveCfg = Debug|ARM
		{C808707E-49A0-4CC8-B3FD-75EB37B7E6E6}.Debug|ARM.Build.0 = Debug|ARM
		{C808707E-49A0-4CC8-B3FD-75EB37B7E6E6}.Debug|ARM.Deploy.0 = Debug|ARM
		{C808707E-49A0-4CC8-B3FD-75EB37B7E6E6}.Debug|iPhone.ActiveCfg = Debug|Any CPU
		{C808707E-49A0-4CC8-B3FD-75EB37B7E6E6}.Debug|iPhone.Build.0 = Debug|Any CPU
		{C808707E-49A0-4CC8-B3FD-75EB37B7E6E6}.Debug|iPhone.Deploy.0 = Debug|Any CPU
		{C808707E-49A0-4CC8-B3FD-75EB37B7E6E6}.Debug|iPhoneSimulator.ActiveCfg = Debug|Any CPU
		{C808707E-49A0-4CC8-B3FD-75EB37B7E6E6}.Debug|iPhoneSimulator.Build.0 = Debug|Any CPU
		{C808707E-49A0-4CC8-B3FD-75EB37B7E6E6}.Debug|iPhoneSimulator.Deploy.0 = Debug|Any CPU
		{C808707E-49A0-4CC8-B3FD-75EB37B7E6E6}.Debug|x64.ActiveCfg = Debug|Any CPU
		{C808707E-49A0-4CC8-B3FD-75EB37B7E6E6}.Debug|x64.Build.0 = Debug|Any CPU
		{C808707E-49A0-4CC8-B3FD-75EB37B7E6E6}.Debug|x64.Deploy.0 = Debug|Any CPU
		{C808707E-49A0-4CC8-B3FD-75EB37B7E6E6}.Debug|x86.ActiveCfg = Debug|x86
		{C808707E-49A0-4CC8-B3FD-75EB37B7E6E6}.Debug|x86.Build.0 = Debug|x86
		{C808707E-49A0-4CC8-B3FD-75EB37B7E6E6}.Debug|x86.Deploy.0 = Debug|x86
		{C808707E-49A0-4CC8-B3FD-75EB37B7E6E6}.Release|Any CPU.ActiveCfg = Release|Any CPU
		{C808707E-49A0-4CC8-B3FD-75EB37B7E6E6}.Release|Any CPU.Build.0 = Release|Any CPU
		{C808707E-49A0-4CC8-B3FD-75EB37B7E6E6}.Release|Any CPU.Deploy.0 = Release|Any CPU
		{C808707E-49A0-4CC8-B3FD-75EB37B7E6E6}.Release|ARM.ActiveCfg = Release|ARM
		{C808707E-49A0-4CC8-B3FD-75EB37B7E6E6}.Release|ARM.Build.0 = Release|ARM
		{C808707E-49A0-4CC8-B3FD-75EB37B7E6E6}.Release|ARM.Deploy.0 = Release|ARM
		{C808707E-49A0-4CC8-B3FD-75EB37B7E6E6}.Release|iPhone.ActiveCfg = Release|Any CPU
		{C808707E-49A0-4CC8-B3FD-75EB37B7E6E6}.Release|iPhone.Build.0 = Release|Any CPU
		{C808707E-49A0-4CC8-B3FD-75EB37B7E6E6}.Release|iPhone.Deploy.0 = Release|Any CPU
		{C808707E-49A0-4CC8-B3FD-75EB37B7E6E6}.Release|iPhoneSimulator.ActiveCfg = Release|Any CPU
		{C808707E-49A0-4CC8-B3FD-75EB37B7E6E6}.Release|iPhoneSimulator.Build.0 = Release|Any CPU
		{C808707E-49A0-4CC8-B3FD-75EB37B7E6E6}.Release|iPhoneSimulator.Deploy.0 = Release|Any CPU
		{C808707E-49A0-4CC8-B3FD-75EB37B7E6E6}.Release|x64.ActiveCfg = Release|Any CPU
		{C808707E-49A0-4CC8-B3FD-75EB37B7E6E6}.Release|x64.Build.0 = Release|Any CPU
		{C808707E-49A0-4CC8-B3FD-75EB37B7E6E6}.Release|x64.Deploy.0 = Release|Any CPU
		{C808707E-49A0-4CC8-B3FD-75EB37B7E6E6}.Release|x86.ActiveCfg = Release|x86
		{C808707E-49A0-4CC8-B3FD-75EB37B7E6E6}.Release|x86.Build.0 = Release|x86
		{C808707E-49A0-4CC8-B3FD-75EB37B7E6E6}.Release|x86.Deploy.0 = Release|x86
		{ECBEF269-87B3-4022-9178-D7069BBD0FA1}.Ad-Hoc|Any CPU.ActiveCfg = Release|x86
		{ECBEF269-87B3-4022-9178-D7069BBD0FA1}.Ad-Hoc|Any CPU.Build.0 = Release|x86
		{ECBEF269-87B3-4022-9178-D7069BBD0FA1}.Ad-Hoc|Any CPU.Deploy.0 = Release|x86
		{ECBEF269-87B3-4022-9178-D7069BBD0FA1}.Ad-Hoc|ARM.ActiveCfg = Release|ARM
		{ECBEF269-87B3-4022-9178-D7069BBD0FA1}.Ad-Hoc|ARM.Build.0 = Release|ARM
		{ECBEF269-87B3-4022-9178-D7069BBD0FA1}.Ad-Hoc|ARM.Deploy.0 = Release|ARM
		{ECBEF269-87B3-4022-9178-D7069BBD0FA1}.Ad-Hoc|iPhone.ActiveCfg = Release|x86
		{ECBEF269-87B3-4022-9178-D7069BBD0FA1}.Ad-Hoc|iPhone.Build.0 = Release|x86
		{ECBEF269-87B3-4022-9178-D7069BBD0FA1}.Ad-Hoc|iPhone.Deploy.0 = Release|x86
		{ECBEF269-87B3-4022-9178-D7069BBD0FA1}.Ad-Hoc|iPhoneSimulator.ActiveCfg = Release|x86
		{ECBEF269-87B3-4022-9178-D7069BBD0FA1}.Ad-Hoc|iPhoneSimulator.Build.0 = Release|x86
		{ECBEF269-87B3-4022-9178-D7069BBD0FA1}.Ad-Hoc|iPhoneSimulator.Deploy.0 = Release|x86
		{ECBEF269-87B3-4022-9178-D7069BBD0FA1}.Ad-Hoc|x64.ActiveCfg = Release|x64
		{ECBEF269-87B3-4022-9178-D7069BBD0FA1}.Ad-Hoc|x64.Build.0 = Release|x64
		{ECBEF269-87B3-4022-9178-D7069BBD0FA1}.Ad-Hoc|x64.Deploy.0 = Release|x64
		{ECBEF269-87B3-4022-9178-D7069BBD0FA1}.Ad-Hoc|x86.ActiveCfg = Release|x86
		{ECBEF269-87B3-4022-9178-D7069BBD0FA1}.Ad-Hoc|x86.Build.0 = Release|x86
		{ECBEF269-87B3-4022-9178-D7069BBD0FA1}.Ad-Hoc|x86.Deploy.0 = Release|x86
		{ECBEF269-87B3-4022-9178-D7069BBD0FA1}.AppStore|Any CPU.ActiveCfg = Release|x86
		{ECBEF269-87B3-4022-9178-D7069BBD0FA1}.AppStore|Any CPU.Build.0 = Release|x86
		{ECBEF269-87B3-4022-9178-D7069BBD0FA1}.AppStore|Any CPU.Deploy.0 = Release|x86
		{ECBEF269-87B3-4022-9178-D7069BBD0FA1}.AppStore|ARM.ActiveCfg = Release|ARM
		{ECBEF269-87B3-4022-9178-D7069BBD0FA1}.AppStore|ARM.Build.0 = Release|ARM
		{ECBEF269-87B3-4022-9178-D7069BBD0FA1}.AppStore|ARM.Deploy.0 = Release|ARM
		{ECBEF269-87B3-4022-9178-D7069BBD0FA1}.AppStore|iPhone.ActiveCfg = Release|x86
		{ECBEF269-87B3-4022-9178-D7069BBD0FA1}.AppStore|iPhone.Build.0 = Release|x86
		{ECBEF269-87B3-4022-9178-D7069BBD0FA1}.AppStore|iPhone.Deploy.0 = Release|x86
		{ECBEF269-87B3-4022-9178-D7069BBD0FA1}.AppStore|iPhoneSimulator.ActiveCfg = Release|x86
		{ECBEF269-87B3-4022-9178-D7069BBD0FA1}.AppStore|iPhoneSimulator.Build.0 = Release|x86
		{ECBEF269-87B3-4022-9178-D7069BBD0FA1}.AppStore|iPhoneSimulator.Deploy.0 = Release|x86
		{ECBEF269-87B3-4022-9178-D7069BBD0FA1}.AppStore|x64.ActiveCfg = Release|x64
		{ECBEF269-87B3-4022-9178-D7069BBD0FA1}.AppStore|x64.Build.0 = Release|x64
		{ECBEF269-87B3-4022-9178-D7069BBD0FA1}.AppStore|x64.Deploy.0 = Release|x64
		{ECBEF269-87B3-4022-9178-D7069BBD0FA1}.AppStore|x86.ActiveCfg = Release|x86
		{ECBEF269-87B3-4022-9178-D7069BBD0FA1}.AppStore|x86.Build.0 = Release|x86
		{ECBEF269-87B3-4022-9178-D7069BBD0FA1}.AppStore|x86.Deploy.0 = Release|x86
		{ECBEF269-87B3-4022-9178-D7069BBD0FA1}.Debug|Any CPU.ActiveCfg = Debug|x86
		{ECBEF269-87B3-4022-9178-D7069BBD0FA1}.Debug|ARM.ActiveCfg = Debug|ARM
		{ECBEF269-87B3-4022-9178-D7069BBD0FA1}.Debug|ARM.Build.0 = Debug|ARM
		{ECBEF269-87B3-4022-9178-D7069BBD0FA1}.Debug|ARM.Deploy.0 = Debug|ARM
		{ECBEF269-87B3-4022-9178-D7069BBD0FA1}.Debug|iPhone.ActiveCfg = Debug|x86
		{ECBEF269-87B3-4022-9178-D7069BBD0FA1}.Debug|iPhoneSimulator.ActiveCfg = Debug|x86
		{ECBEF269-87B3-4022-9178-D7069BBD0FA1}.Debug|x64.ActiveCfg = Debug|x64
		{ECBEF269-87B3-4022-9178-D7069BBD0FA1}.Debug|x64.Build.0 = Debug|x64
		{ECBEF269-87B3-4022-9178-D7069BBD0FA1}.Debug|x64.Deploy.0 = Debug|x64
		{ECBEF269-87B3-4022-9178-D7069BBD0FA1}.Debug|x86.ActiveCfg = Debug|x86
		{ECBEF269-87B3-4022-9178-D7069BBD0FA1}.Debug|x86.Build.0 = Debug|x86
		{ECBEF269-87B3-4022-9178-D7069BBD0FA1}.Debug|x86.Deploy.0 = Debug|x86
		{ECBEF269-87B3-4022-9178-D7069BBD0FA1}.Release|Any CPU.ActiveCfg = Release|x86
		{ECBEF269-87B3-4022-9178-D7069BBD0FA1}.Release|ARM.ActiveCfg = Release|ARM
		{ECBEF269-87B3-4022-9178-D7069BBD0FA1}.Release|ARM.Build.0 = Release|ARM
		{ECBEF269-87B3-4022-9178-D7069BBD0FA1}.Release|ARM.Deploy.0 = Release|ARM
		{ECBEF269-87B3-4022-9178-D7069BBD0FA1}.Release|iPhone.ActiveCfg = Release|x86
		{ECBEF269-87B3-4022-9178-D7069BBD0FA1}.Release|iPhoneSimulator.ActiveCfg = Release|x86
		{ECBEF269-87B3-4022-9178-D7069BBD0FA1}.Release|x64.ActiveCfg = Release|x64
		{ECBEF269-87B3-4022-9178-D7069BBD0FA1}.Release|x64.Build.0 = Release|x64
		{ECBEF269-87B3-4022-9178-D7069BBD0FA1}.Release|x64.Deploy.0 = Release|x64
		{ECBEF269-87B3-4022-9178-D7069BBD0FA1}.Release|x86.ActiveCfg = Release|x86
		{ECBEF269-87B3-4022-9178-D7069BBD0FA1}.Release|x86.Build.0 = Release|x86
		{ECBEF269-87B3-4022-9178-D7069BBD0FA1}.Release|x86.Deploy.0 = Release|x86
		{843409F7-3854-4C75-B055-AE26F7B2FC15}.Ad-Hoc|Any CPU.ActiveCfg = Release|Any CPU
		{843409F7-3854-4C75-B055-AE26F7B2FC15}.Ad-Hoc|Any CPU.Build.0 = Release|Any CPU
		{843409F7-3854-4C75-B055-AE26F7B2FC15}.Ad-Hoc|Any CPU.Deploy.0 = Release|Any CPU
		{843409F7-3854-4C75-B055-AE26F7B2FC15}.Ad-Hoc|ARM.ActiveCfg = Release|ARM
		{843409F7-3854-4C75-B055-AE26F7B2FC15}.Ad-Hoc|ARM.Build.0 = Release|ARM
		{843409F7-3854-4C75-B055-AE26F7B2FC15}.Ad-Hoc|ARM.Deploy.0 = Release|ARM
		{843409F7-3854-4C75-B055-AE26F7B2FC15}.Ad-Hoc|iPhone.ActiveCfg = Release|Any CPU
		{843409F7-3854-4C75-B055-AE26F7B2FC15}.Ad-Hoc|iPhone.Build.0 = Release|Any CPU
		{843409F7-3854-4C75-B055-AE26F7B2FC15}.Ad-Hoc|iPhone.Deploy.0 = Release|Any CPU
		{843409F7-3854-4C75-B055-AE26F7B2FC15}.Ad-Hoc|iPhoneSimulator.ActiveCfg = Release|Any CPU
		{843409F7-3854-4C75-B055-AE26F7B2FC15}.Ad-Hoc|iPhoneSimulator.Build.0 = Release|Any CPU
		{843409F7-3854-4C75-B055-AE26F7B2FC15}.Ad-Hoc|iPhoneSimulator.Deploy.0 = Release|Any CPU
		{843409F7-3854-4C75-B055-AE26F7B2FC15}.Ad-Hoc|x64.ActiveCfg = Release|x64
		{843409F7-3854-4C75-B055-AE26F7B2FC15}.Ad-Hoc|x64.Build.0 = Release|x64
		{843409F7-3854-4C75-B055-AE26F7B2FC15}.Ad-Hoc|x64.Deploy.0 = Release|x64
		{843409F7-3854-4C75-B055-AE26F7B2FC15}.Ad-Hoc|x86.ActiveCfg = Release|x86
		{843409F7-3854-4C75-B055-AE26F7B2FC15}.Ad-Hoc|x86.Build.0 = Release|x86
		{843409F7-3854-4C75-B055-AE26F7B2FC15}.Ad-Hoc|x86.Deploy.0 = Release|x86
		{843409F7-3854-4C75-B055-AE26F7B2FC15}.AppStore|Any CPU.ActiveCfg = Release|Any CPU
		{843409F7-3854-4C75-B055-AE26F7B2FC15}.AppStore|Any CPU.Build.0 = Release|Any CPU
		{843409F7-3854-4C75-B055-AE26F7B2FC15}.AppStore|Any CPU.Deploy.0 = Release|Any CPU
		{843409F7-3854-4C75-B055-AE26F7B2FC15}.AppStore|ARM.ActiveCfg = Release|ARM
		{843409F7-3854-4C75-B055-AE26F7B2FC15}.AppStore|ARM.Build.0 = Release|ARM
		{843409F7-3854-4C75-B055-AE26F7B2FC15}.AppStore|ARM.Deploy.0 = Release|ARM
		{843409F7-3854-4C75-B055-AE26F7B2FC15}.AppStore|iPhone.ActiveCfg = Release|Any CPU
		{843409F7-3854-4C75-B055-AE26F7B2FC15}.AppStore|iPhone.Build.0 = Release|Any CPU
		{843409F7-3854-4C75-B055-AE26F7B2FC15}.AppStore|iPhone.Deploy.0 = Release|Any CPU
		{843409F7-3854-4C75-B055-AE26F7B2FC15}.AppStore|iPhoneSimulator.ActiveCfg = Release|Any CPU
		{843409F7-3854-4C75-B055-AE26F7B2FC15}.AppStore|iPhoneSimulator.Build.0 = Release|Any CPU
		{843409F7-3854-4C75-B055-AE26F7B2FC15}.AppStore|iPhoneSimulator.Deploy.0 = Release|Any CPU
		{843409F7-3854-4C75-B055-AE26F7B2FC15}.AppStore|x64.ActiveCfg = Release|x64
		{843409F7-3854-4C75-B055-AE26F7B2FC15}.AppStore|x64.Build.0 = Release|x64
		{843409F7-3854-4C75-B055-AE26F7B2FC15}.AppStore|x64.Deploy.0 = Release|x64
		{843409F7-3854-4C75-B055-AE26F7B2FC15}.AppStore|x86.ActiveCfg = Release|x86
		{843409F7-3854-4C75-B055-AE26F7B2FC15}.AppStore|x86.Build.0 = Release|x86
		{843409F7-3854-4C75-B055-AE26F7B2FC15}.AppStore|x86.Deploy.0 = Release|x86
		{843409F7-3854-4C75-B055-AE26F7B2FC15}.Debug|Any CPU.ActiveCfg = Debug|Any CPU
		{843409F7-3854-4C75-B055-AE26F7B2FC15}.Debug|Any CPU.Build.0 = Debug|Any CPU
		{843409F7-3854-4C75-B055-AE26F7B2FC15}.Debug|Any CPU.Deploy.0 = Debug|Any CPU
		{843409F7-3854-4C75-B055-AE26F7B2FC15}.Debug|ARM.ActiveCfg = Debug|ARM
		{843409F7-3854-4C75-B055-AE26F7B2FC15}.Debug|ARM.Build.0 = Debug|ARM
		{843409F7-3854-4C75-B055-AE26F7B2FC15}.Debug|ARM.Deploy.0 = Debug|ARM
		{843409F7-3854-4C75-B055-AE26F7B2FC15}.Debug|iPhone.ActiveCfg = Debug|Any CPU
		{843409F7-3854-4C75-B055-AE26F7B2FC15}.Debug|iPhone.Build.0 = Debug|Any CPU
		{843409F7-3854-4C75-B055-AE26F7B2FC15}.Debug|iPhone.Deploy.0 = Debug|Any CPU
		{843409F7-3854-4C75-B055-AE26F7B2FC15}.Debug|iPhoneSimulator.ActiveCfg = Debug|Any CPU
		{843409F7-3854-4C75-B055-AE26F7B2FC15}.Debug|iPhoneSimulator.Build.0 = Debug|Any CPU
		{843409F7-3854-4C75-B055-AE26F7B2FC15}.Debug|iPhoneSimulator.Deploy.0 = Debug|Any CPU
		{843409F7-3854-4C75-B055-AE26F7B2FC15}.Debug|x64.ActiveCfg = Debug|x64
		{843409F7-3854-4C75-B055-AE26F7B2FC15}.Debug|x64.Build.0 = Debug|x64
		{843409F7-3854-4C75-B055-AE26F7B2FC15}.Debug|x64.Deploy.0 = Debug|x64
		{843409F7-3854-4C75-B055-AE26F7B2FC15}.Debug|x86.ActiveCfg = Debug|x86
		{843409F7-3854-4C75-B055-AE26F7B2FC15}.Debug|x86.Build.0 = Debug|x86
		{843409F7-3854-4C75-B055-AE26F7B2FC15}.Debug|x86.Deploy.0 = Debug|x86
		{843409F7-3854-4C75-B055-AE26F7B2FC15}.Release|Any CPU.ActiveCfg = Release|Any CPU
		{843409F7-3854-4C75-B055-AE26F7B2FC15}.Release|Any CPU.Build.0 = Release|Any CPU
		{843409F7-3854-4C75-B055-AE26F7B2FC15}.Release|Any CPU.Deploy.0 = Release|Any CPU
		{843409F7-3854-4C75-B055-AE26F7B2FC15}.Release|ARM.ActiveCfg = Release|ARM
		{843409F7-3854-4C75-B055-AE26F7B2FC15}.Release|ARM.Build.0 = Release|ARM
		{843409F7-3854-4C75-B055-AE26F7B2FC15}.Release|ARM.Deploy.0 = Release|ARM
		{843409F7-3854-4C75-B055-AE26F7B2FC15}.Release|iPhone.ActiveCfg = Release|Any CPU
		{843409F7-3854-4C75-B055-AE26F7B2FC15}.Release|iPhone.Build.0 = Release|Any CPU
		{843409F7-3854-4C75-B055-AE26F7B2FC15}.Release|iPhone.Deploy.0 = Release|Any CPU
		{843409F7-3854-4C75-B055-AE26F7B2FC15}.Release|iPhoneSimulator.ActiveCfg = Release|Any CPU
		{843409F7-3854-4C75-B055-AE26F7B2FC15}.Release|iPhoneSimulator.Build.0 = Release|Any CPU
		{843409F7-3854-4C75-B055-AE26F7B2FC15}.Release|iPhoneSimulator.Deploy.0 = Release|Any CPU
		{843409F7-3854-4C75-B055-AE26F7B2FC15}.Release|x64.ActiveCfg = Release|x64
		{843409F7-3854-4C75-B055-AE26F7B2FC15}.Release|x64.Build.0 = Release|x64
		{843409F7-3854-4C75-B055-AE26F7B2FC15}.Release|x64.Deploy.0 = Release|x64
		{843409F7-3854-4C75-B055-AE26F7B2FC15}.Release|x86.ActiveCfg = Release|x86
		{843409F7-3854-4C75-B055-AE26F7B2FC15}.Release|x86.Build.0 = Release|x86
		{843409F7-3854-4C75-B055-AE26F7B2FC15}.Release|x86.Deploy.0 = Release|x86
	EndGlobalSection
	GlobalSection(SolutionProperties) = preSolution
		HideSolutionNode = FALSE
	EndGlobalSection
EndGlobal
